
Microsoft Visual Studio Solution File, Format Version 12.00
# Visual Studio Version 16
VisualStudioVersion = 16.0.30114.105
MinimumVisualStudioVersion = 10.0.40219.1
Project("{FAE04EC0-301F-11D3-BF4B-00C04F79EFBC}") = "Custom Stack", "Custom Stack\Custom Stack.csproj", "{0C803864-74E7-482A-9B95-77C25640EF19}"
EndProject
Project("{FAE04EC0-301F-11D3-BF4B-00C04F79EFBC}") = "Custom Set", "Custom Set\Custom Set.csproj", "{43BA0385-C1AD-4DEB-BDC4-806F71F38386}"
EndProject
Project("{FAE04EC0-301F-11D3-BF4B-00C04F79EFBC}") = "Custom Queue", "Custom Queue\Custom Queue.csproj", "{0AD32EDB-FDE1-4FF6-9D50-50FFAEEFF898}"
EndProject
Project("{FAE04EC0-301F-11D3-BF4B-00C04F79EFBC}") = "Custom Linked List", "Custom Linked List\Custom Linked List.csproj", "{605AAAFE-DCD3-43D0-92A6-670183BEFCE0}"
EndProject
Project("{FAE04EC0-301F-11D3-BF4B-00C04F79EFBC}") = "Binary Tree", "Binary Tree\Binary Tree.csproj", "{7AE15D7E-F9C0-448C-B311-FA0F377215D1}"
EndProject
Project("{FAE04EC0-301F-11D3-BF4B-00C04F79EFBC}") = "Custom Dequeue", "Custom Dequeue\Custom Dequeue.csproj", "{E64BE33A-7D1D-4AB5-B9FA-C8AB79CEDD9D}"
EndProject
Project("{FAE04EC0-301F-11D3-BF4B-00C04F79EFBC}") = "Custom Double Linked List", "Custom Double Linked List\Custom Double Linked List.csproj", "{12ED3E89-FC4F-443A-B970-25BF907790FF}"
EndProject
Project("{FAE04EC0-301F-11D3-BF4B-00C04F79EFBC}") = "Custom Expression Binary Tree", "Custom Expression Binary Tree\Custom Expression Binary Tree.csproj", "{C8A5056F-7F98-425A-8BF1-DF0418BA51CC}"
EndProject
Project("{FAE04EC0-301F-11D3-BF4B-00C04F79EFBC}") = "Open hash table", "Open hash table\Open hash table.csproj", "{D461B3A6-0511-4459-AD2C-58205264D387}"
EndProject
Global
	GlobalSection(SolutionConfigurationPlatforms) = preSolution
		Debug|Any CPU = Debug|Any CPU
		Release|Any CPU = Release|Any CPU
	EndGlobalSection
	GlobalSection(SolutionProperties) = preSolution
		HideSolutionNode = FALSE
	EndGlobalSection
	GlobalSection(ProjectConfigurationPlatforms) = postSolution
		{0C803864-74E7-482A-9B95-77C25640EF19}.Debug|Any CPU.ActiveCfg = Debug|Any CPU
		{0C803864-74E7-482A-9B95-77C25640EF19}.Debug|Any CPU.Build.0 = Debug|Any CPU
		{0C803864-74E7-482A-9B95-77C25640EF19}.Release|Any CPU.ActiveCfg = Release|Any CPU
		{0C803864-74E7-482A-9B95-77C25640EF19}.Release|Any CPU.Build.0 = Release|Any CPU
		{43BA0385-C1AD-4DEB-BDC4-806F71F38386}.Debug|Any CPU.ActiveCfg = Debug|Any CPU
		{43BA0385-C1AD-4DEB-BDC4-806F71F38386}.Debug|Any CPU.Build.0 = Debug|Any CPU
		{43BA0385-C1AD-4DEB-BDC4-806F71F38386}.Release|Any CPU.ActiveCfg = Release|Any CPU
		{43BA0385-C1AD-4DEB-BDC4-806F71F38386}.Release|Any CPU.Build.0 = Release|Any CPU
		{0AD32EDB-FDE1-4FF6-9D50-50FFAEEFF898}.Debug|Any CPU.ActiveCfg = Debug|Any CPU
		{0AD32EDB-FDE1-4FF6-9D50-50FFAEEFF898}.Debug|Any CPU.Build.0 = Debug|Any CPU
		{0AD32EDB-FDE1-4FF6-9D50-50FFAEEFF898}.Release|Any CPU.ActiveCfg = Release|Any CPU
		{0AD32EDB-FDE1-4FF6-9D50-50FFAEEFF898}.Release|Any CPU.Build.0 = Release|Any CPU
		{605AAAFE-DCD3-43D0-92A6-670183BEFCE0}.Debug|Any CPU.ActiveCfg = Debug|Any CPU
		{605AAAFE-DCD3-43D0-92A6-670183BEFCE0}.Debug|Any CPU.Build.0 = Debug|Any CPU
		{605AAAFE-DCD3-43D0-92A6-670183BEFCE0}.Release|Any CPU.ActiveCfg = Release|Any CPU
		{605AAAFE-DCD3-43D0-92A6-670183BEFCE0}.Release|Any CPU.Build.0 = Release|Any CPU
		{7AE15D7E-F9C0-448C-B311-FA0F377215D1}.Debug|Any CPU.ActiveCfg = Debug|Any CPU
		{7AE15D7E-F9C0-448C-B311-FA0F377215D1}.Debug|Any CPU.Build.0 = Debug|Any CPU
		{7AE15D7E-F9C0-448C-B311-FA0F377215D1}.Release|Any CPU.ActiveCfg = Release|Any CPU
		{7AE15D7E-F9C0-448C-B311-FA0F377215D1}.Release|Any CPU.Build.0 = Release|Any CPU
		{E64BE33A-7D1D-4AB5-B9FA-C8AB79CEDD9D}.Debug|Any CPU.ActiveCfg = Debug|Any CPU
		{E64BE33A-7D1D-4AB5-B9FA-C8AB79CEDD9D}.Debug|Any CPU.Build.0 = Debug|Any CPU
		{E64BE33A-7D1D-4AB5-B9FA-C8AB79CEDD9D}.Release|Any CPU.ActiveCfg = Release|Any CPU
		{E64BE33A-7D1D-4AB5-B9FA-C8AB79CEDD9D}.Release|Any CPU.Build.0 = Release|Any CPU
		{12ED3E89-FC4F-443A-B970-25BF907790FF}.Debug|Any CPU.ActiveCfg = Debug|Any CPU
		{12ED3E89-FC4F-443A-B970-25BF907790FF}.Debug|Any CPU.Build.0 = Debug|Any CPU
		{12ED3E89-FC4F-443A-B970-25BF907790FF}.Release|Any CPU.ActiveCfg = Release|Any CPU
		{12ED3E89-FC4F-443A-B970-25BF907790FF}.Release|Any CPU.Build.0 = Release|Any CPU
		{C8A5056F-7F98-425A-8BF1-DF0418BA51CC}.Debug|Any CPU.ActiveCfg = Debug|Any CPU
		{C8A5056F-7F98-425A-8BF1-DF0418BA51CC}.Debug|Any CPU.Build.0 = Debug|Any CPU
		{C8A5056F-7F98-425A-8BF1-DF0418BA51CC}.Release|Any CPU.ActiveCfg = Release|Any CPU
		{C8A5056F-7F98-425A-8BF1-DF0418BA51CC}.Release|Any CPU.Build.0 = Release|Any CPU
		{D461B3A6-0511-4459-AD2C-58205264D387}.Debug|Any CPU.ActiveCfg = Debug|Any CPU
		{D461B3A6-0511-4459-AD2C-58205264D387}.Debug|Any CPU.Build.0 = Debug|Any CPU
		{D461B3A6-0511-4459-AD2C-58205264D387}.Release|Any CPU.ActiveCfg = Release|Any CPU
		{D461B3A6-0511-4459-AD2C-58205264D387}.Release|Any CPU.Build.0 = Release|Any CPU
	EndGlobalSection
EndGlobal
